
Microsoft Visual Studio Solution File, Format Version 12.00
# Visual Studio Version 16
VisualStudioVersion = 16.0.33214.272
MinimumVisualStudioVersion = 10.0.40219.1
Project("{FAE04EC0-301F-11D3-BF4B-00C04F79EFBC}") = "Presentacion", "BibliotecaCRUDAdoNET\Presentacion.csproj", "{1C784697-11A4-445A-A47E-883252183C74}"
	ProjectSection(ProjectDependencies) = postProject
		{FD215135-CC54-4008-8795-5F10F8186BBE} = {FD215135-CC54-4008-8795-5F10F8186BBE}
	EndProjectSection
EndProject
Project("{9A19103F-16F7-4668-BE54-9A1E7A4F7556}") = "AccesoDatos", "AccesoDatos\AccesoDatos.csproj", "{8F7E51BC-605A-42D0-8BE1-8F2E2424D0A9}"
EndProject
Project("{9A19103F-16F7-4668-BE54-9A1E7A4F7556}") = "LogicaNegocio", "LogicaNegocio\LogicaNegocio.csproj", "{FD215135-CC54-4008-8795-5F10F8186BBE}"
	ProjectSection(ProjectDependencies) = postProject
		{8F7E51BC-605A-42D0-8BE1-8F2E2424D0A9} = {8F7E51BC-605A-42D0-8BE1-8F2E2424D0A9}
	EndProjectSection
EndProject
Project("{9A19103F-16F7-4668-BE54-9A1E7A4F7556}") = "Entities", "Entities\Entities.csproj", "{AECE8505-1FEE-401F-9487-ECB0D5E4A6BE}"
EndProject
Project("{FAE04EC0-301F-11D3-BF4B-00C04F79EFBC}") = "PresentacionWeb", "PresentacionWeb\PresentacionWeb.csproj", "{AFF0EF32-FAD7-409F-934B-72F3A7EBA989}"
	ProjectSection(ProjectDependencies) = postProject
		{AECE8505-1FEE-401F-9487-ECB0D5E4A6BE} = {AECE8505-1FEE-401F-9487-ECB0D5E4A6BE}
		{FD215135-CC54-4008-8795-5F10F8186BBE} = {FD215135-CC54-4008-8795-5F10F8186BBE}
	EndProjectSection
EndProject
Global
	GlobalSection(SolutionConfigurationPlatforms) = preSolution
		Debug|Any CPU = Debug|Any CPU
		Release|Any CPU = Release|Any CPU
	EndGlobalSection
	GlobalSection(ProjectConfigurationPlatforms) = postSolution
		{1C784697-11A4-445A-A47E-883252183C74}.Debug|Any CPU.ActiveCfg = Debug|Any CPU
		{1C784697-11A4-445A-A47E-883252183C74}.Debug|Any CPU.Build.0 = Debug|Any CPU
		{1C784697-11A4-445A-A47E-883252183C74}.Release|Any CPU.ActiveCfg = Release|Any CPU
		{1C784697-11A4-445A-A47E-883252183C74}.Release|Any CPU.Build.0 = Release|Any CPU
		{8F7E51BC-605A-42D0-8BE1-8F2E2424D0A9}.Debug|Any CPU.ActiveCfg = Debug|Any CPU
		{8F7E51BC-605A-42D0-8BE1-8F2E2424D0A9}.Debug|Any CPU.Build.0 = Debug|Any CPU
		{8F7E51BC-605A-42D0-8BE1-8F2E2424D0A9}.Release|Any CPU.ActiveCfg = Release|Any CPU
		{8F7E51BC-605A-42D0-8BE1-8F2E2424D0A9}.Release|Any CPU.Build.0 = Release|Any CPU
		{FD215135-CC54-4008-8795-5F10F8186BBE}.Debug|Any CPU.ActiveCfg = Debug|Any CPU
		{FD215135-CC54-4008-8795-5F10F8186BBE}.Debug|Any CPU.Build.0 = Debug|Any CPU
		{FD215135-CC54-4008-8795-5F10F8186BBE}.Release|Any CPU.ActiveCfg = Release|Any CPU
		{FD215135-CC54-4008-8795-5F10F8186BBE}.Release|Any CPU.Build.0 = Release|Any CPU
		{AECE8505-1FEE-401F-9487-ECB0D5E4A6BE}.Debug|Any CPU.ActiveCfg = Debug|Any CPU
		{AECE8505-1FEE-401F-9487-ECB0D5E4A6BE}.Debug|Any CPU.Build.0 = Debug|Any CPU
		{AECE8505-1FEE-401F-9487-ECB0D5E4A6BE}.Release|Any CPU.ActiveCfg = Release|Any CPU
		{AECE8505-1FEE-401F-9487-ECB0D5E4A6BE}.Release|Any CPU.Build.0 = Release|Any CPU
		{AFF0EF32-FAD7-409F-934B-72F3A7EBA989}.Debug|Any CPU.ActiveCfg = Debug|Any CPU
		{AFF0EF32-FAD7-409F-934B-72F3A7EBA989}.Debug|Any CPU.Build.0 = Debug|Any CPU
		{AFF0EF32-FAD7-409F-934B-72F3A7EBA989}.Release|Any CPU.ActiveCfg = Release|Any CPU
		{AFF0EF32-FAD7-409F-934B-72F3A7EBA989}.Release|Any CPU.Build.0 = Release|Any CPU
	EndGlobalSection
	GlobalSection(SolutionProperties) = preSolution
		HideSolutionNode = FALSE
	EndGlobalSection
	GlobalSection(ExtensibilityGlobals) = postSolution
		SolutionGuid = {16F949EB-EEE3-49C0-BA46-5A4ADB180045}
	EndGlobalSection
EndGlobal
